
Microsoft Visual Studio Solution File, Format Version 12.00
# Visual Studio Version 17
VisualStudioVersion = 17.11.35303.130
MinimumVisualStudioVersion = 10.0.40219.1
Project("{FAE04EC0-301F-11D3-BF4B-00C04F79EFBC}") = "Coinqueror.TradeShifter", "Coinqueror.TradeShifter\Coinqueror.TradeShifter.csproj", "{C5CD058E-3AB9-4F36-82B9-396034264271}"
EndProject
Global
	GlobalSection(SolutionConfigurationPlatforms) = preSolution
		Debug|Any CPU = Debug|Any CPU
		Release|Any CPU = Release|Any CPU
	EndGlobalSection
	GlobalSection(ProjectConfigurationPlatforms) = postSolution
		{C5CD058E-3AB9-4F36-82B9-396034264271}.Debug|Any CPU.ActiveCfg = Debug|Any CPU
		{C5CD058E-3AB9-4F36-82B9-396034264271}.Debug|Any CPU.Build.0 = Debug|Any CPU
		{C5CD058E-3AB9-4F36-82B9-396034264271}.Release|Any CPU.ActiveCfg = Release|Any CPU
		{C5CD058E-3AB9-4F36-82B9-396034264271}.Release|Any CPU.Build.0 = Release|Any CPU
	EndGlobalSection
	GlobalSection(SolutionProperties) = preSolution
		HideSolutionNode = FALSE
	EndGlobalSection
	GlobalSection(ExtensibilityGlobals) = postSolution
		SolutionGuid = {197FE871-90AF-4696-B772-07EB9D08340A}
	EndGlobalSection
EndGlobal
